
Microsoft Visual Studio Solution File, Format Version 12.00
# Visual Studio Version 17
VisualStudioVersion = 17.5.33516.290
MinimumVisualStudioVersion = 10.0.40219.1
Project("{FAE04EC0-301F-11D3-BF4B-00C04F79EFBC}") = "backend", "backend.csproj", "{C256FF51-01DD-488B-BC7F-3DA7CFE6EC7B}"
EndProject
Global
	GlobalSection(SolutionConfigurationPlatforms) = preSolution
		Debug|Any CPU = Debug|Any CPU
		Release|Any CPU = Release|Any CPU
	EndGlobalSection
	GlobalSection(ProjectConfigurationPlatforms) = postSolution
		{C256FF51-01DD-488B-BC7F-3DA7CFE6EC7B}.Debug|Any CPU.ActiveCfg = Debug|Any CPU
		{C256FF51-01DD-488B-BC7F-3DA7CFE6EC7B}.Debug|Any CPU.Build.0 = Debug|Any CPU
		{C256FF51-01DD-488B-BC7F-3DA7CFE6EC7B}.Release|Any CPU.ActiveCfg = Release|Any CPU
		{C256FF51-01DD-488B-BC7F-3DA7CFE6EC7B}.Release|Any CPU.Build.0 = Release|Any CPU
	EndGlobalSection
	GlobalSection(SolutionProperties) = preSolution
		HideSolutionNode = FALSE
	EndGlobalSection
	GlobalSection(ExtensibilityGlobals) = postSolution
		SolutionGuid = {0000BD61-3D67-431B-88F4-3B2CFE45D80E}
	EndGlobalSection
EndGlobal
